
Microsoft Visual Studio Solution File, Format Version 12.00
# Visual Studio Version 17
VisualStudioVersion = 17.5.002.0
MinimumVisualStudioVersion = 10.0.40219.1
Project("{9A19103F-16F7-4668-BE54-9A1E7A4F7556}") = "CommandApi", "CommandApi\CommandApi.csproj", "{F38B4F12-C78F-4760-92F6-ABDF9A67390A}"
EndProject
Global
	GlobalSection(SolutionConfigurationPlatforms) = preSolution
		Debug|Any CPU = Debug|Any CPU
		Release|Any CPU = Release|Any CPU
	EndGlobalSection
	GlobalSection(ProjectConfigurationPlatforms) = postSolution
		{F38B4F12-C78F-4760-92F6-ABDF9A67390A}.Debug|Any CPU.ActiveCfg = Debug|Any CPU
		{F38B4F12-C78F-4760-92F6-ABDF9A67390A}.Debug|Any CPU.Build.0 = Debug|Any CPU
		{F38B4F12-C78F-4760-92F6-ABDF9A67390A}.Release|Any CPU.ActiveCfg = Release|Any CPU
		{F38B4F12-C78F-4760-92F6-ABDF9A67390A}.Release|Any CPU.Build.0 = Release|Any CPU
	EndGlobalSection
	GlobalSection(SolutionProperties) = preSolution
		HideSolutionNode = FALSE
	EndGlobalSection
	GlobalSection(ExtensibilityGlobals) = postSolution
		SolutionGuid = {6891ECD2-4191-440B-B15A-15A1C5C37300}
	EndGlobalSection
EndGlobal
