
Microsoft Visual Studio Solution File, Format Version 12.00
# Visual Studio Version 17
VisualStudioVersion = 17.5.002.0
MinimumVisualStudioVersion = 10.0.40219.1
Project("{9A19103F-16F7-4668-BE54-9A1E7A4F7556}") = "CommandApi", "CommandApi\CommandApi.csproj", "{D4C59AB3-F203-4097-839A-4A51E764387C}"
EndProject
Global
	GlobalSection(SolutionConfigurationPlatforms) = preSolution
		Debug|Any CPU = Debug|Any CPU
		Release|Any CPU = Release|Any CPU
	EndGlobalSection
	GlobalSection(ProjectConfigurationPlatforms) = postSolution
		{D4C59AB3-F203-4097-839A-4A51E764387C}.Debug|Any CPU.ActiveCfg = Debug|Any CPU
		{D4C59AB3-F203-4097-839A-4A51E764387C}.Debug|Any CPU.Build.0 = Debug|Any CPU
		{D4C59AB3-F203-4097-839A-4A51E764387C}.Release|Any CPU.ActiveCfg = Release|Any CPU
		{D4C59AB3-F203-4097-839A-4A51E764387C}.Release|Any CPU.Build.0 = Release|Any CPU
	EndGlobalSection
	GlobalSection(SolutionProperties) = preSolution
		HideSolutionNode = FALSE
	EndGlobalSection
	GlobalSection(ExtensibilityGlobals) = postSolution
		SolutionGuid = {17653467-DE5D-4A7E-91B7-786C72DED21D}
	EndGlobalSection
EndGlobal
